{
  "lockVersion" : 1,
  "timestamp" : "2026-05-13T10:01:37.567455Z",
  "configurations" : [
    "compile",
    "optional",
    "provided",
    "runtime",
    "scalafix",
    "test"
  ],
  "dependencies" : [
    {
      "org" : "org.scala-lang",
      "name" : "scala-library",
      "version" : "2.13.18",
      "artifacts" : [
        {
          "name" : "scala-library.jar",
          "hash" : "sha1:eb2086988c25b08705472cc750654570900362e5"
        }
      ],
      "configurations" : [
        "compile",
        "runtime",
        "test"
      ]
    }
  ]
}